
Microsoft Visual Studio Solution File, Format Version 12.00
# Visual Studio Version 18
VisualStudioVersion = 18.6.11828.311
MinimumVisualStudioVersion = 10.0.40219.1
Project("{FAE04EC0-301F-11D3-BF4B-00C04F79EFBC}") = "MoneyPilot.API", "MoneyPilot.API\MoneyPilot.API.csproj", "{74F894DA-F894-44A2-EBBE-B21A0196BE6E}"
EndProject
Project("{FAE04EC0-301F-11D3-BF4B-00C04F79EFBC}") = "MoneyPilot.Application", "MoneyPilot.Application\MoneyPilot.Application.csproj", "{D9851CC4-A569-44ED-B47B-C425AC082CD2}"
EndProject
Project("{FAE04EC0-301F-11D3-BF4B-00C04F79EFBC}") = "MoneyPilot.Domain", "MoneyPilot.Domain\MoneyPilot.Domain.csproj", "{2807BC89-92CF-46D0-AB0F-2E731BFB9DD4}"
EndProject
Project("{FAE04EC0-301F-11D3-BF4B-00C04F79EFBC}") = "MoneyPilot.Infrastructure", "MoneyPilot.Infrastructure\MoneyPilot.Infrastructure.csproj", "{B0DBF453-8BFF-4D32-B51C-906A272A174C}"
EndProject
Global
	GlobalSection(SolutionConfigurationPlatforms) = preSolution
		Debug|Any CPU = Debug|Any CPU
		Release|Any CPU = Release|Any CPU
	EndGlobalSection
	GlobalSection(ProjectConfigurationPlatforms) = postSolution
		{74F894DA-F894-44A2-EBBE-B21A0196BE6E}.Debug|Any CPU.ActiveCfg = Debug|Any CPU
		{74F894DA-F894-44A2-EBBE-B21A0196BE6E}.Debug|Any CPU.Build.0 = Debug|Any CPU
		{74F894DA-F894-44A2-EBBE-B21A0196BE6E}.Release|Any CPU.ActiveCfg = Release|Any CPU
		{74F894DA-F894-44A2-EBBE-B21A0196BE6E}.Release|Any CPU.Build.0 = Release|Any CPU
		{D9851CC4-A569-44ED-B47B-C425AC082CD2}.Debug|Any CPU.ActiveCfg = Debug|Any CPU
		{D9851CC4-A569-44ED-B47B-C425AC082CD2}.Debug|Any CPU.Build.0 = Debug|Any CPU
		{D9851CC4-A569-44ED-B47B-C425AC082CD2}.Release|Any CPU.ActiveCfg = Release|Any CPU
		{D9851CC4-A569-44ED-B47B-C425AC082CD2}.Release|Any CPU.Build.0 = Release|Any CPU
		{2807BC89-92CF-46D0-AB0F-2E731BFB9DD4}.Debug|Any CPU.ActiveCfg = Debug|Any CPU
		{2807BC89-92CF-46D0-AB0F-2E731BFB9DD4}.Debug|Any CPU.Build.0 = Debug|Any CPU
		{2807BC89-92CF-46D0-AB0F-2E731BFB9DD4}.Release|Any CPU.ActiveCfg = Release|Any CPU
		{2807BC89-92CF-46D0-AB0F-2E731BFB9DD4}.Release|Any CPU.Build.0 = Release|Any CPU
		{B0DBF453-8BFF-4D32-B51C-906A272A174C}.Debug|Any CPU.ActiveCfg = Debug|Any CPU
		{B0DBF453-8BFF-4D32-B51C-906A272A174C}.Debug|Any CPU.Build.0 = Debug|Any CPU
		{B0DBF453-8BFF-4D32-B51C-906A272A174C}.Release|Any CPU.ActiveCfg = Release|Any CPU
		{B0DBF453-8BFF-4D32-B51C-906A272A174C}.Release|Any CPU.Build.0 = Release|Any CPU
	EndGlobalSection
	GlobalSection(SolutionProperties) = preSolution
		HideSolutionNode = FALSE
	EndGlobalSection
	GlobalSection(ExtensibilityGlobals) = postSolution
		SolutionGuid = {F1ADF096-D357-426D-9BD4-84F530CA8DFA}
	EndGlobalSection
EndGlobal
